
Microsoft Visual Studio Solution File, Format Version 12.00
# Visual Studio 14
VisualStudioVersion = 14.0.23107.0
MinimumVisualStudioVersion = 10.0.40219.1
Project("{FAE04EC0-301F-11D3-BF4B-00C04F79EFBC}") = "QuotesInStrings", "QuotesInStrings\QuotesInStrings.csproj", "{F12A01A4-5595-4897-8FA4-51340161DDE7}"
EndProject
Project("{FAE04EC0-301F-11D3-BF4B-00C04F79EFBC}") = "ComparingFloats", "ComparingFloats\ComparingFloats.csproj", "{683F2655-4083-4104-939F-3FB55C91FB3E}"
EndProject
Project("{FAE04EC0-301F-11D3-BF4B-00C04F79EFBC}") = "PrintASCIITable", "PrintASCIITable\PrintASCIITable.csproj", "{E63BE712-C8ED-42F4-A91C-1C3CA058BC33}"
EndProject
Global
	GlobalSection(SolutionConfigurationPlatforms) = preSolution
		Debug|Any CPU = Debug|Any CPU
		Release|Any CPU = Release|Any CPU
	EndGlobalSection
	GlobalSection(ProjectConfigurationPlatforms) = postSolution
		{F12A01A4-5595-4897-8FA4-51340161DDE7}.Debug|Any CPU.ActiveCfg = Debug|Any CPU
		{F12A01A4-5595-4897-8FA4-51340161DDE7}.Debug|Any CPU.Build.0 = Debug|Any CPU
		{F12A01A4-5595-4897-8FA4-51340161DDE7}.Release|Any CPU.ActiveCfg = Release|Any CPU
		{F12A01A4-5595-4897-8FA4-51340161DDE7}.Release|Any CPU.Build.0 = Release|Any CPU
		{683F2655-4083-4104-939F-3FB55C91FB3E}.Debug|Any CPU.ActiveCfg = Debug|Any CPU
		{683F2655-4083-4104-939F-3FB55C91FB3E}.Debug|Any CPU.Build.0 = Debug|Any CPU
		{683F2655-4083-4104-939F-3FB55C91FB3E}.Release|Any CPU.ActiveCfg = Release|Any CPU
		{683F2655-4083-4104-939F-3FB55C91FB3E}.Release|Any CPU.Build.0 = Release|Any CPU
		{E63BE712-C8ED-42F4-A91C-1C3CA058BC33}.Debug|Any CPU.ActiveCfg = Debug|Any CPU
		{E63BE712-C8ED-42F4-A91C-1C3CA058BC33}.Debug|Any CPU.Build.0 = Debug|Any CPU
		{E63BE712-C8ED-42F4-A91C-1C3CA058BC33}.Release|Any CPU.ActiveCfg = Release|Any CPU
		{E63BE712-C8ED-42F4-A91C-1C3CA058BC33}.Release|Any CPU.Build.0 = Release|Any CPU
	EndGlobalSection
	GlobalSection(SolutionProperties) = preSolution
		HideSolutionNode = FALSE
	EndGlobalSection
EndGlobal
